// !$*UTF8*$!
{
	archiveVersion = 1;
	classes = {
	};
	objectVersion = 56;
	objects = {

/* Begin PBXBuildFile section */
		B56EB79A2A5DE77E00DF6939 /* AppDelegate.swift in Sources */ = {isa = PBXBuildFile; fileRef = B56EB7992A5DE77E00DF6939 /* AppDelegate.swift */; };
		B56EB79C2A5DE77E00DF6939 /* ViewController.swift in Sources */ = {isa = PBXBuildFile; fileRef = B56EB79B2A5DE77E00DF6939 /* ViewController.swift */; };
		B56EB79E2A5DE77E00DF6939 /* Assets.xcassets in Resources */ = {isa = PBXBuildFile; fileRef = B56EB79D2A5DE77E00DF6939 /* Assets.xcassets */; };
		B56EB7A92A5DE7DC00DF6939 /* main.swift in Sources */ = {isa = PBXBuildFile; fileRef = B56EB7A82A5DE7DC00DF6939 /* main.swift */; };
		B56EB7AB2A5DE84300DF6939 /* SwiftUIView.swift in Sources */ = {isa = PBXBuildFile; fileRef = B56EB7AA2A5DE84300DF6939 /* SwiftUIView.swift */; };
		B57D158F2A61A43A00CE934B /* Src.xcframework in Frameworks */ = {isa = PBXBuildFile; fileRef = B57D158E2A61A43A00CE934B /* Src.xcframework */; };
		B5DA082D2A61A58B009D396D /* GNativeWindow.swift in Sources */ = {isa = PBXBuildFile; fileRef = B5DA082C2A61A58B009D396D /* GNativeWindow.swift */; };
		B5DA082F2A61A6E8009D396D /* GNativeMessage.swift in Sources */ = {isa = PBXBuildFile; fileRef = B5DA082E2A61A6E8009D396D /* GNativeMessage.swift */; };
/* End PBXBuildFile section */

/* Begin PBXFileReference section */
		B56EB7962A5DE77E00DF6939 /* GNativeTemplateProject.app */ = {isa = PBXFileReference; explicitFileType = wrapper.application; includeInIndex = 0; path = GNativeTemplateProject.app; sourceTree = BUILT_PRODUCTS_DIR; };
		B56EB7992A5DE77E00DF6939 /* AppDelegate.swift */ = {isa = PBXFileReference; lastKnownFileType = sourcecode.swift; path = AppDelegate.swift; sourceTree = "<group>"; };
		B56EB79B2A5DE77E00DF6939 /* ViewController.swift */ = {isa = PBXFileReference; lastKnownFileType = sourcecode.swift; path = ViewController.swift; sourceTree = "<group>"; };
		B56EB79D2A5DE77E00DF6939 /* Assets.xcassets */ = {isa = PBXFileReference; lastKnownFileType = folder.assetcatalog; path = Assets.xcassets; sourceTree = "<group>"; };
		B56EB7A22A5DE77E00DF6939 /* GNativeTemplateProject.entitlements */ = {isa = PBXFileReference; lastKnownFileType = text.plist.entitlements; path = GNativeTemplateProject.entitlements; sourceTree = "<group>"; };
		B56EB7A82A5DE7DC00DF6939 /* main.swift */ = {isa = PBXFileReference; lastKnownFileType = sourcecode.swift; path = main.swift; sourceTree = "<group>"; };
		B56EB7AA2A5DE84300DF6939 /* SwiftUIView.swift */ = {isa = PBXFileReference; lastKnownFileType = sourcecode.swift; path = SwiftUIView.swift; sourceTree = "<group>"; };
		B57D158E2A61A43A00CE934B /* Src.xcframework */ = {isa = PBXFileReference; lastKnownFileType = wrapper.xcframework; path = Src.xcframework; sourceTree = "<group>"; };
		B5DA082C2A61A58B009D396D /* GNativeWindow.swift */ = {isa = PBXFileReference; lastKnownFileType = sourcecode.swift; path = GNativeWindow.swift; sourceTree = "<group>"; };
		B5DA082E2A61A6E8009D396D /* GNativeMessage.swift */ = {isa = PBXFileReference; lastKnownFileType = sourcecode.swift; path = GNativeMessage.swift; sourceTree = "<group>"; };
/* End PBXFileReference section */

/* Begin PBXFrameworksBuildPhase section */
		B56EB7932A5DE77E00DF6939 /* Frameworks */ = {
			isa = PBXFrameworksBuildPhase;
			buildActionMask = 2147483647;
			files = (
				B57D158F2A61A43A00CE934B /* Src.xcframework in Frameworks */,
			);
			runOnlyForDeploymentPostprocessing = 0;
		};
/* End PBXFrameworksBuildPhase section */

/* Begin PBXGroup section */
		B56EB78D2A5DE77E00DF6939 = {
			isa = PBXGroup;
			children = (
				B56EB7982A5DE77E00DF6939 /* GNativeTemplateProject */,
				B56EB7972A5DE77E00DF6939 /* Products */,
			);
			sourceTree = "<group>";
		};
		B56EB7972A5DE77E00DF6939 /* Products */ = {
			isa = PBXGroup;
			children = (
				B56EB7962A5DE77E00DF6939 /* GNativeTemplateProject.app */,
			);
			name = Products;
			sourceTree = "<group>";
		};
		B56EB7982A5DE77E00DF6939 /* GNativeTemplateProject */ = {
			isa = PBXGroup;
			children = (
				B57D158E2A61A43A00CE934B /* Src.xcframework */,
				B56EB7992A5DE77E00DF6939 /* AppDelegate.swift */,
				B56EB7A82A5DE7DC00DF6939 /* main.swift */,
				B56EB79B2A5DE77E00DF6939 /* ViewController.swift */,
				B5DA082C2A61A58B009D396D /* GNativeWindow.swift */,
				B5DA082E2A61A6E8009D396D /* GNativeMessage.swift */,
				B56EB7AA2A5DE84300DF6939 /* SwiftUIView.swift */,
				B56EB79D2A5DE77E00DF6939 /* Assets.xcassets */,
				B56EB7A22A5DE77E00DF6939 /* GNativeTemplateProject.entitlements */,
			);
			path = GNativeTemplateProject;
			sourceTree = "<group>";
		};
/* End PBXGroup section */

/* Begin PBXNativeTarget section */
		B56EB7952A5DE77E00DF6939 /* GNativeTemplateProject */ = {
			isa = PBXNativeTarget;
			buildConfigurationList = B56EB7A52A5DE77E00DF6939 /* Build configuration list for PBXNativeTarget "GNativeTemplateProject" */;
			buildPhases = (
				B56EB7922A5DE77E00DF6939 /* Sources */,
				B56EB7932A5DE77E00DF6939 /* Frameworks */,
				B56EB7942A5DE77E00DF6939 /* Resources */,
			);
			buildRules = (
			);
			dependencies = (
			);
			name = GNativeTemplateProject;
			productName = GNativeTemplateProject;
			productReference = B56EB7962A5DE77E00DF6939 /* GNativeTemplateProject.app */;
			productType = "com.apple.product-type.application";
		};
/* End PBXNativeTarget section */

/* Begin PBXProject section */
		B56EB78E2A5DE77E00DF6939 /* Project object */ = {
			isa = PBXProject;
			attributes = {
				BuildIndependentTargetsInParallel = 1;
				LastSwiftUpdateCheck = 1430;
				LastUpgradeCheck = 1430;
				TargetAttributes = {
					B56EB7952A5DE77E00DF6939 = {
						CreatedOnToolsVersion = 14.3.1;
					};
				};
			};
			buildConfigurationList = B56EB7912A5DE77E00DF6939 /* Build configuration list for PBXProject "GNativeTemplateProject" */;
			compatibilityVersion = "Xcode 14.0";
			developmentRegion = en;
			hasScannedForEncodings = 0;
			knownRegions = (
				en,
				Base,
			);
			mainGroup = B56EB78D2A5DE77E00DF6939;
			productRefGroup = B56EB7972A5DE77E00DF6939 /* Products */;
			projectDirPath = "";
			projectRoot = "";
			targets = (
				B56EB7952A5DE77E00DF6939 /* GNativeTemplateProject */,
			);
		};
/* End PBXProject section */

/* Begin PBXResourcesBuildPhase section */
		B56EB7942A5DE77E00DF6939 /* Resources */ = {
			isa = PBXResourcesBuildPhase;
			buildActionMask = 2147483647;
			files = (
				B56EB79E2A5DE77E00DF6939 /* Assets.xcassets in Resources */,
			);
			runOnlyForDeploymentPostprocessing = 0;
		};
/* End PBXResourcesBuildPhase section */

/* Begin PBXSourcesBuildPhase section */
		B56EB7922A5DE77E00DF6939 /* Sources */ = {
			isa = PBXSourcesBuildPhase;
			buildActionMask = 2147483647;
			files = (
				B56EB79C2A5DE77E00DF6939 /* ViewController.swift in Sources */,
				B56EB79A2A5DE77E00DF6939 /* AppDelegate.swift in Sources */,
				B5DA082F2A61A6E8009D396D /* GNativeMessage.swift in Sources */,
				B56EB7AB2A5DE84300DF6939 /* SwiftUIView.swift in Sources */,
				B5DA082D2A61A58B009D396D /* GNativeWindow.swift in Sources */,
				B56EB7A92A5DE7DC00DF6939 /* main.swift in Sources */,
			);
			runOnlyForDeploymentPostprocessing = 0;
		};
/* End PBXSourcesBuildPhase section */

/* Begin XCBuildConfiguration section */
		B56EB7A32A5DE77E00DF6939 /* Debug */ = {
			isa = XCBuildConfiguration;
			buildSettings = {
				ALWAYS_SEARCH_USER_PATHS = NO;
				CLANG_ANALYZER_NONNULL = YES;
				CLANG_ANALYZER_NUMBER_OBJECT_CONVERSION = YES_AGGRESSIVE;
				CLANG_CXX_LANGUAGE_STANDARD = "gnu++20";
				CLANG_ENABLE_MODULES = YES;
				CLANG_ENABLE_OBJC_ARC = YES;
				CLANG_ENABLE_OBJC_WEAK = YES;
				CLANG_WARN_BLOCK_CAPTURE_AUTORELEASING = YES;
				CLANG_WARN_BOOL_CONVERSION = YES;
				CLANG_WARN_COMMA = YES;
				CLANG_WARN_CONSTANT_CONVERSION = YES;
				CLANG_WARN_DEPRECATED_OBJC_IMPLEMENTATIONS = YES;
				CLANG_WARN_DIRECT_OBJC_ISA_USAGE = YES_ERROR;
				CLANG_WARN_DOCUMENTATION_COMMENTS = YES;
				CLANG_WARN_EMPTY_BODY = YES;
				CLANG_WARN_ENUM_CONVERSION = YES;
				CLANG_WARN_INFINITE_RECURSION = YES;
				CLANG_WARN_INT_CONVERSION = YES;
				CLANG_WARN_NON_LITERAL_NULL_CONVERSION = YES;
				CLANG_WARN_OBJC_IMPLICIT_RETAIN_SELF = YES;
				CLANG_WARN_OBJC_LITERAL_CONVERSION = YES;
				CLANG_WARN_OBJC_ROOT_CLASS = YES_ERROR;
				CLANG_WARN_QUOTED_INCLUDE_IN_FRAMEWORK_HEADER = YES;
				CLANG_WARN_RANGE_LOOP_ANALYSIS = YES;
				CLANG_WARN_STRICT_PROTOTYPES = YES;
				CLANG_WARN_SUSPICIOUS_MOVE = YES;
				CLANG_WARN_UNGUARDED_AVAILABILITY = YES_AGGRESSIVE;
				CLANG_WARN_UNREACHABLE_CODE = YES;
				CLANG_WARN__DUPLICATE_METHOD_MATCH = YES;
				COPY_PHASE_STRIP = NO;
				DEBUG_INFORMATION_FORMAT = dwarf;
				ENABLE_STRICT_OBJC_MSGSEND = YES;
				ENABLE_TESTABILITY = YES;
				GCC_C_LANGUAGE_STANDARD = gnu11;
				GCC_DYNAMIC_NO_PIC = NO;
				GCC_NO_COMMON_BLOCKS = YES;
				GCC_OPTIMIZATION_LEVEL = 0;
				GCC_PREPROCESSOR_DEFINITIONS = (
					"DEBUG=1",
					"$(inherited)",
				);
				GCC_WARN_64_TO_32_BIT_CONVERSION = YES;
				GCC_WARN_ABOUT_RETURN_TYPE = YES_ERROR;
				GCC_WARN_UNDECLARED_SELECTOR = YES;
				GCC_WARN_UNINITIALIZED_AUTOS = YES_AGGRESSIVE;
				GCC_WARN_UNUSED_FUNCTION = YES;
				GCC_WARN_UNUSED_VARIABLE = YES;
				MACOSX_DEPLOYMENT_TARGET = 13.3;
				MTL_ENABLE_DEBUG_INFO = INCLUDE_SOURCE;
				MTL_FAST_MATH = YES;
				ONLY_ACTIVE_ARCH = YES;
				SDKROOT = macosx;
				SWIFT_ACTIVE_COMPILATION_CONDITIONS = DEBUG;
				SWIFT_OPTIMIZATION_LEVEL = "-Onone";
			};
			name = Debug;
		};
		B56EB7A42A5DE77E00DF6939 /* Release */ = {
			isa = XCBuildConfiguration;
			buildSettings = {
				ALWAYS_SEARCH_USER_PATHS = NO;
				CLANG_ANALYZER_NONNULL = YES;
				CLANG_ANALYZER_NUMBER_OBJECT_CONVERSION = YES_AGGRESSIVE;
				CLANG_CXX_LANGUAGE_STANDARD = "gnu++20";
				CLANG_ENABLE_MODULES = YES;
				CLANG_ENABLE_OBJC_ARC = YES;
				CLANG_ENABLE_OBJC_WEAK = YES;
				CLANG_WARN_BLOCK_CAPTURE_AUTORELEASING = YES;
				CLANG_WARN_BOOL_CONVERSION = YES;
				CLANG_WARN_COMMA = YES;
				CLANG_WARN_CONSTANT_CONVERSION = YES;
				CLANG_WARN_DEPRECATED_OBJC_IMPLEMENTATIONS = YES;
				CLANG_WARN_DIRECT_OBJC_ISA_USAGE = YES_ERROR;
				CLANG_WARN_DOCUMENTATION_COMMENTS = YES;
				CLANG_WARN_EMPTY_BODY = YES;
				CLANG_WARN_ENUM_CONVERSION = YES;
				CLANG_WARN_INFINITE_RECURSION = YES;
				CLANG_WARN_INT_CONVERSION = YES;
				CLANG_WARN_NON_LITERAL_NULL_CONVERSION = YES;
				CLANG_WARN_OBJC_IMPLICIT_RETAIN_SELF = YES;
				CLANG_WARN_OBJC_LITERAL_CONVERSION = YES;
				CLANG_WARN_OBJC_ROOT_CLASS = YES_ERROR;
				CLANG_WARN_QUOTED_INCLUDE_IN_FRAMEWORK_HEADER = YES;
				CLANG_WARN_RANGE_LOOP_ANALYSIS = YES;
				CLANG_WARN_STRICT_PROTOTYPES = YES;
				CLANG_WARN_SUSPICIOUS_MOVE = YES;
				CLANG_WARN_UNGUARDED_AVAILABILITY = YES_AGGRESSIVE;
				CLANG_WARN_UNREACHABLE_CODE = YES;
				CLANG_WARN__DUPLICATE_METHOD_MATCH = YES;
				COPY_PHASE_STRIP = NO;
				DEBUG_INFORMATION_FORMAT = "dwarf-with-dsym";
				ENABLE_NS_ASSERTIONS = NO;
				ENABLE_STRICT_OBJC_MSGSEND = YES;
				GCC_C_LANGUAGE_STANDARD = gnu11;
				GCC_NO_COMMON_BLOCKS = YES;
				GCC_WARN_64_TO_32_BIT_CONVERSION = YES;
				GCC_WARN_ABOUT_RETURN_TYPE = YES_ERROR;
				GCC_WARN_UNDECLARED_SELECTOR = YES;
				GCC_WARN_UNINITIALIZED_AUTOS = YES_AGGRESSIVE;
				GCC_WARN_UNUSED_FUNCTION = YES;
				GCC_WARN_UNUSED_VARIABLE = YES;
				MACOSX_DEPLOYMENT_TARGET = 13.3;
				MTL_ENABLE_DEBUG_INFO = NO;
				MTL_FAST_MATH = YES;
				SDKROOT = macosx;
				SWIFT_COMPILATION_MODE = wholemodule;
				SWIFT_OPTIMIZATION_LEVEL = "-O";
			};
			name = Release;
		};
		B56EB7A62A5DE77E00DF6939 /* Debug */ = {
			isa = XCBuildConfiguration;
			buildSettings = {
				ASSETCATALOG_COMPILER_APPICON_NAME = AppIcon;
				ASSETCATALOG_COMPILER_GLOBAL_ACCENT_COLOR_NAME = AccentColor;
				CODE_SIGN_ENTITLEMENTS = GNativeTemplateProject/GNativeTemplateProject.entitlements;
				CODE_SIGN_STYLE = Automatic;
				COMBINE_HIDPI_IMAGES = YES;
				CURRENT_PROJECT_VERSION = 1;
				GENERATE_INFOPLIST_FILE = YES;
				INFOPLIST_KEY_NSHumanReadableCopyright = "";
				INFOPLIST_KEY_NSPrincipalClass = NSApplication;
				LD_RUNPATH_SEARCH_PATHS = (
					"$(inherited)",
					"@executable_path/../Frameworks",
				);
				MACOSX_DEPLOYMENT_TARGET = 11.0;
				MARKETING_VERSION = 1.0;
				PRODUCT_BUNDLE_IDENTIFIER = com.gnative.GNativeTemplateProject;
				PRODUCT_NAME = "$(TARGET_NAME)";
				SWIFT_EMIT_LOC_STRINGS = YES;
				SWIFT_VERSION = 5.0;
			};
			name = Debug;
		};
		B56EB7A72A5DE77E00DF6939 /* Release */ = {
			isa = XCBuildConfiguration;
			buildSettings = {
				ASSETCATALOG_COMPILER_APPICON_NAME = AppIcon;
				ASSETCATALOG_COMPILER_GLOBAL_ACCENT_COLOR_NAME = AccentColor;
				CODE_SIGN_ENTITLEMENTS = GNativeTemplateProject/GNativeTemplateProject.entitlements;
				CODE_SIGN_STYLE = Automatic;
				COMBINE_HIDPI_IMAGES = YES;
				CURRENT_PROJECT_VERSION = 1;
				GENERATE_INFOPLIST_FILE = YES;
				INFOPLIST_KEY_NSHumanReadableCopyright = "";
				INFOPLIST_KEY_NSPrincipalClass = NSApplication;
				LD_RUNPATH_SEARCH_PATHS = (
					"$(inherited)",
					"@executable_path/../Frameworks",
				);
				MACOSX_DEPLOYMENT_TARGET = 11.0;
				MARKETING_VERSION = 1.0;
				PRODUCT_BUNDLE_IDENTIFIER = com.gnative.GNativeTemplateProject;
				PRODUCT_NAME = "$(TARGET_NAME)";
				SWIFT_EMIT_LOC_STRINGS = YES;
				SWIFT_VERSION = 5.0;
			};
			name = Release;
		};
/* End XCBuildConfiguration section */

/* Begin XCConfigurationList section */
		B56EB7912A5DE77E00DF6939 /* Build configuration list for PBXProject "GNativeTemplateProject" */ = {
			isa = XCConfigurationList;
			buildConfigurations = (
				B56EB7A32A5DE77E00DF6939 /* Debug */,
				B56EB7A42A5DE77E00DF6939 /* Release */,
			);
			defaultConfigurationIsVisible = 0;
			defaultConfigurationName = Release;
		};
		B56EB7A52A5DE77E00DF6939 /* Build configuration list for PBXNativeTarget "GNativeTemplateProject" */ = {
			isa = XCConfigurationList;
			buildConfigurations = (
				B56EB7A62A5DE77E00DF6939 /* Debug */,
				B56EB7A72A5DE77E00DF6939 /* Release */,
			);
			defaultConfigurationIsVisible = 0;
			defaultConfigurationName = Release;
		};
/* End XCConfigurationList section */
	};
	rootObject = B56EB78E2A5DE77E00DF6939 /* Project object */;
}
